// !$*UTF8*$!
{
	archiveVersion = 1;
	classes = {
	};
	objectVersion = 50;
	objects = {

/* Begin PBXBuildFile section */
		580C32BD2446BE2500A570BF /* AppDelegate.swift in Sources */ = {isa = PBXBuildFile; fileRef = 580C32BC2446BE2500A570BF /* AppDelegate.swift */; };
		580C32BF2446BE2700A570BF /* Assets.xcassets in Resources */ = {isa = PBXBuildFile; fileRef = 580C32BE2446BE2700A570BF /* Assets.xcassets */; };
		580C32C22446BE2700A570BF /* MainMenu.xib in Resources */ = {isa = PBXBuildFile; fileRef = 580C32C02446BE2700A570BF /* MainMenu.xib */; };
		583AFC832446F3B10046FB4E /* Cocoa.framework in Frameworks */ = {isa = PBXBuildFile; fileRef = 580C32D02446BE4B00A570BF /* Cocoa.framework */; };
		583AFC862446F3B10046FB4E /* SourceEditorExtension.swift in Sources */ = {isa = PBXBuildFile; fileRef = 583AFC852446F3B10046FB4E /* SourceEditorExtension.swift */; };
		583AFC882446F3B10046FB4E /* SourceEditorCommand.swift in Sources */ = {isa = PBXBuildFile; fileRef = 583AFC872446F3B10046FB4E /* SourceEditorCommand.swift */; };
		583AFC8D2446F3B10046FB4E /* MESwiftExtension.appex in Embed App Extensions */ = {isa = PBXBuildFile; fileRef = 583AFC822446F3B10046FB4E /* MESwiftExtension.appex */; settings = {ATTRIBUTES = (RemoveHeadersOnCopy, ); }; };
		583AFC912446F3C10046FB4E /* String+.swift in Sources */ = {isa = PBXBuildFile; fileRef = 583AFC7B2446F2000046FB4E /* String+.swift */; };
		586EAEDA2446C9B800655F5C /* Cocoa.framework in Frameworks */ = {isa = PBXBuildFile; fileRef = 580C32D02446BE4B00A570BF /* Cocoa.framework */; };
		586EAEDE2446C9B800655F5C /* SourceEditorExtension.m in Sources */ = {isa = PBXBuildFile; fileRef = 586EAEDD2446C9B800655F5C /* SourceEditorExtension.m */; };
		586EAEE12446C9B800655F5C /* SourceEditorCommand.m in Sources */ = {isa = PBXBuildFile; fileRef = 586EAEE02446C9B800655F5C /* SourceEditorCommand.m */; };
		586EAEE62446C9B800655F5C /* MEOCExtension.appex in Embed App Extensions */ = {isa = PBXBuildFile; fileRef = 586EAED92446C9B800655F5C /* MEOCExtension.appex */; settings = {ATTRIBUTES = (RemoveHeadersOnCopy, ); }; };
/* End PBXBuildFile section */

/* Begin PBXContainerItemProxy section */
		583AFC8B2446F3B10046FB4E /* PBXContainerItemProxy */ = {
			isa = PBXContainerItemProxy;
			containerPortal = 580C32B12446BE2500A570BF /* Project object */;
			proxyType = 1;
			remoteGlobalIDString = 583AFC812446F3B10046FB4E;
			remoteInfo = MESwiftExtension;
		};
		586EAEE42446C9B800655F5C /* PBXContainerItemProxy */ = {
			isa = PBXContainerItemProxy;
			containerPortal = 580C32B12446BE2500A570BF /* Project object */;
			proxyType = 1;
			remoteGlobalIDString = 586EAED82446C9B800655F5C;
			remoteInfo = MEOCExtension;
		};
/* End PBXContainerItemProxy section */

/* Begin PBXCopyFilesBuildPhase section */
		580C32DF2446BE4B00A570BF /* Embed App Extensions */ = {
			isa = PBXCopyFilesBuildPhase;
			buildActionMask = 2147483647;
			dstPath = "";
			dstSubfolderSpec = 13;
			files = (
				583AFC8D2446F3B10046FB4E /* MESwiftExtension.appex in Embed App Extensions */,
				586EAEE62446C9B800655F5C /* MEOCExtension.appex in Embed App Extensions */,
			);
			name = "Embed App Extensions";
			runOnlyForDeploymentPostprocessing = 0;
		};
/* End PBXCopyFilesBuildPhase section */

/* Begin PBXFileReference section */
		580C32B92446BE2500A570BF /* MEXcodeExtension.app */ = {isa = PBXFileReference; explicitFileType = wrapper.application; includeInIndex = 0; path = MEXcodeExtension.app; sourceTree = BUILT_PRODUCTS_DIR; };
		580C32BC2446BE2500A570BF /* AppDelegate.swift */ = {isa = PBXFileReference; lastKnownFileType = sourcecode.swift; path = AppDelegate.swift; sourceTree = "<group>"; };
		580C32BE2446BE2700A570BF /* Assets.xcassets */ = {isa = PBXFileReference; lastKnownFileType = folder.assetcatalog; path = Assets.xcassets; sourceTree = "<group>"; };
		580C32C12446BE2700A570BF /* Base */ = {isa = PBXFileReference; lastKnownFileType = file.xib; name = Base; path = Base.lproj/MainMenu.xib; sourceTree = "<group>"; };
		580C32C32446BE2700A570BF /* Info.plist */ = {isa = PBXFileReference; lastKnownFileType = text.plist.xml; path = Info.plist; sourceTree = "<group>"; };
		580C32C42446BE2700A570BF /* MEXcodeExtension.entitlements */ = {isa = PBXFileReference; lastKnownFileType = text.plist.entitlements; path = MEXcodeExtension.entitlements; sourceTree = "<group>"; };
		580C32D02446BE4B00A570BF /* Cocoa.framework */ = {isa = PBXFileReference; lastKnownFileType = wrapper.framework; name = Cocoa.framework; path = System/Library/Frameworks/Cocoa.framework; sourceTree = SDKROOT; };
		583AFC7B2446F2000046FB4E /* String+.swift */ = {isa = PBXFileReference; fileEncoding = 4; lastKnownFileType = sourcecode.swift; path = "String+.swift"; sourceTree = "<group>"; };
		583AFC822446F3B10046FB4E /* MESwiftExtension.appex */ = {isa = PBXFileReference; explicitFileType = "wrapper.app-extension"; includeInIndex = 0; path = MESwiftExtension.appex; sourceTree = BUILT_PRODUCTS_DIR; };
		583AFC852446F3B10046FB4E /* SourceEditorExtension.swift */ = {isa = PBXFileReference; lastKnownFileType = sourcecode.swift; path = SourceEditorExtension.swift; sourceTree = "<group>"; };
		583AFC872446F3B10046FB4E /* SourceEditorCommand.swift */ = {isa = PBXFileReference; lastKnownFileType = sourcecode.swift; path = SourceEditorCommand.swift; sourceTree = "<group>"; };
		583AFC892446F3B10046FB4E /* Info.plist */ = {isa = PBXFileReference; lastKnownFileType = text.plist.xml; path = Info.plist; sourceTree = "<group>"; };
		583AFC8A2446F3B10046FB4E /* MESwiftExtension.entitlements */ = {isa = PBXFileReference; lastKnownFileType = text.plist.entitlements; path = MESwiftExtension.entitlements; sourceTree = "<group>"; };
		586EAED92446C9B800655F5C /* MEOCExtension.appex */ = {isa = PBXFileReference; explicitFileType = "wrapper.app-extension"; includeInIndex = 0; path = MEOCExtension.appex; sourceTree = BUILT_PRODUCTS_DIR; };
		586EAEDC2446C9B800655F5C /* SourceEditorExtension.h */ = {isa = PBXFileReference; lastKnownFileType = sourcecode.c.h; path = SourceEditorExtension.h; sourceTree = "<group>"; };
		586EAEDD2446C9B800655F5C /* SourceEditorExtension.m */ = {isa = PBXFileReference; lastKnownFileType = sourcecode.c.objc; path = SourceEditorExtension.m; sourceTree = "<group>"; };
		586EAEDF2446C9B800655F5C /* SourceEditorCommand.h */ = {isa = PBXFileReference; lastKnownFileType = sourcecode.c.h; path = SourceEditorCommand.h; sourceTree = "<group>"; };
		586EAEE02446C9B800655F5C /* SourceEditorCommand.m */ = {isa = PBXFileReference; lastKnownFileType = sourcecode.c.objc; path = SourceEditorCommand.m; sourceTree = "<group>"; };
		586EAEE22446C9B800655F5C /* Info.plist */ = {isa = PBXFileReference; lastKnownFileType = text.plist.xml; path = Info.plist; sourceTree = "<group>"; };
		586EAEE32446C9B800655F5C /* MEOCExtension.entitlements */ = {isa = PBXFileReference; lastKnownFileType = text.plist.entitlements; path = MEOCExtension.entitlements; sourceTree = "<group>"; };
/* End PBXFileReference section */

/* Begin PBXFrameworksBuildPhase section */
		580C32B62446BE2500A570BF /* Frameworks */ = {
			isa = PBXFrameworksBuildPhase;
			buildActionMask = 2147483647;
			files = (
			);
			runOnlyForDeploymentPostprocessing = 0;
		};
		583AFC7F2446F3B10046FB4E /* Frameworks */ = {
			isa = PBXFrameworksBuildPhase;
			buildActionMask = 2147483647;
			files = (
				583AFC832446F3B10046FB4E /* Cocoa.framework in Frameworks */,
			);
			runOnlyForDeploymentPostprocessing = 0;
		};
		586EAED62446C9B800655F5C /* Frameworks */ = {
			isa = PBXFrameworksBuildPhase;
			buildActionMask = 2147483647;
			files = (
				586EAEDA2446C9B800655F5C /* Cocoa.framework in Frameworks */,
			);
			runOnlyForDeploymentPostprocessing = 0;
		};
/* End PBXFrameworksBuildPhase section */

/* Begin PBXGroup section */
		580C32B02446BE2500A570BF = {
			isa = PBXGroup;
			children = (
				583AFC7A2446F2000046FB4E /* Extensions */,
				580C32BB2446BE2500A570BF /* MEXcodeExtension */,
				586EAEDB2446C9B800655F5C /* MEOCExtension */,
				583AFC842446F3B10046FB4E /* MESwiftExtension */,
				580C32CF2446BE4B00A570BF /* Frameworks */,
				580C32BA2446BE2500A570BF /* Products */,
			);
			sourceTree = "<group>";
		};
		580C32BA2446BE2500A570BF /* Products */ = {
			isa = PBXGroup;
			children = (
				580C32B92446BE2500A570BF /* MEXcodeExtension.app */,
				586EAED92446C9B800655F5C /* MEOCExtension.appex */,
				583AFC822446F3B10046FB4E /* MESwiftExtension.appex */,
			);
			name = Products;
			sourceTree = "<group>";
		};
		580C32BB2446BE2500A570BF /* MEXcodeExtension */ = {
			isa = PBXGroup;
			children = (
				580C32BC2446BE2500A570BF /* AppDelegate.swift */,
				580C32BE2446BE2700A570BF /* Assets.xcassets */,
				580C32C02446BE2700A570BF /* MainMenu.xib */,
				580C32C32446BE2700A570BF /* Info.plist */,
				580C32C42446BE2700A570BF /* MEXcodeExtension.entitlements */,
			);
			path = MEXcodeExtension;
			sourceTree = "<group>";
		};
		580C32CF2446BE4B00A570BF /* Frameworks */ = {
			isa = PBXGroup;
			children = (
				580C32D02446BE4B00A570BF /* Cocoa.framework */,
			);
			name = Frameworks;
			sourceTree = "<group>";
		};
		583AFC7A2446F2000046FB4E /* Extensions */ = {
			isa = PBXGroup;
			children = (
				583AFC7B2446F2000046FB4E /* String+.swift */,
			);
			path = Extensions;
			sourceTree = "<group>";
		};
		583AFC842446F3B10046FB4E /* MESwiftExtension */ = {
			isa = PBXGroup;
			children = (
				583AFC852446F3B10046FB4E /* SourceEditorExtension.swift */,
				583AFC872446F3B10046FB4E /* SourceEditorCommand.swift */,
				583AFC892446F3B10046FB4E /* Info.plist */,
				583AFC8A2446F3B10046FB4E /* MESwiftExtension.entitlements */,
			);
			path = MESwiftExtension;
			sourceTree = "<group>";
		};
		586EAEDB2446C9B800655F5C /* MEOCExtension */ = {
			isa = PBXGroup;
			children = (
				586EAEDC2446C9B800655F5C /* SourceEditorExtension.h */,
				586EAEDD2446C9B800655F5C /* SourceEditorExtension.m */,
				586EAEDF2446C9B800655F5C /* SourceEditorCommand.h */,
				586EAEE02446C9B800655F5C /* SourceEditorCommand.m */,
				586EAEE22446C9B800655F5C /* Info.plist */,
				586EAEE32446C9B800655F5C /* MEOCExtension.entitlements */,
			);
			path = MEOCExtension;
			sourceTree = "<group>";
		};
/* End PBXGroup section */

/* Begin PBXNativeTarget section */
		580C32B82446BE2500A570BF /* MEXcodeExtension */ = {
			isa = PBXNativeTarget;
			buildConfigurationList = 580C32C72446BE2700A570BF /* Build configuration list for PBXNativeTarget "MEXcodeExtension" */;
			buildPhases = (
				580C32B52446BE2500A570BF /* Sources */,
				580C32B62446BE2500A570BF /* Frameworks */,
				580C32B72446BE2500A570BF /* Resources */,
				580C32DF2446BE4B00A570BF /* Embed App Extensions */,
			);
			buildRules = (
			);
			dependencies = (
				586EAEE52446C9B800655F5C /* PBXTargetDependency */,
				583AFC8C2446F3B10046FB4E /* PBXTargetDependency */,
			);
			name = MEXcodeExtension;
			productName = MEXcodeExtension;
			productReference = 580C32B92446BE2500A570BF /* MEXcodeExtension.app */;
			productType = "com.apple.product-type.application";
		};
		583AFC812446F3B10046FB4E /* MESwiftExtension */ = {
			isa = PBXNativeTarget;
			buildConfigurationList = 583AFC8E2446F3B10046FB4E /* Build configuration list for PBXNativeTarget "MESwiftExtension" */;
			buildPhases = (
				583AFC7E2446F3B10046FB4E /* Sources */,
				583AFC7F2446F3B10046FB4E /* Frameworks */,
				583AFC802446F3B10046FB4E /* Resources */,
			);
			buildRules = (
			);
			dependencies = (
			);
			name = MESwiftExtension;
			productName = MESwiftExtension;
			productReference = 583AFC822446F3B10046FB4E /* MESwiftExtension.appex */;
			productType = "com.apple.product-type.xcode-extension";
		};
		586EAED82446C9B800655F5C /* MEOCExtension */ = {
			isa = PBXNativeTarget;
			buildConfigurationList = 586EAEE92446C9B800655F5C /* Build configuration list for PBXNativeTarget "MEOCExtension" */;
			buildPhases = (
				586EAED52446C9B800655F5C /* Sources */,
				586EAED62446C9B800655F5C /* Frameworks */,
				586EAED72446C9B800655F5C /* Resources */,
			);
			buildRules = (
			);
			dependencies = (
			);
			name = MEOCExtension;
			productName = MEOCExtension;
			productReference = 586EAED92446C9B800655F5C /* MEOCExtension.appex */;
			productType = "com.apple.product-type.xcode-extension";
		};
/* End PBXNativeTarget section */

/* Begin PBXProject section */
		580C32B12446BE2500A570BF /* Project object */ = {
			isa = PBXProject;
			attributes = {
				LastSwiftUpdateCheck = 1130;
				LastUpgradeCheck = 1130;
				ORGANIZATIONNAME = snowimba;
				TargetAttributes = {
					580C32B82446BE2500A570BF = {
						CreatedOnToolsVersion = 11.3.1;
					};
					583AFC812446F3B10046FB4E = {
						CreatedOnToolsVersion = 11.3.1;
					};
					586EAED82446C9B800655F5C = {
						CreatedOnToolsVersion = 11.3.1;
					};
				};
			};
			buildConfigurationList = 580C32B42446BE2500A570BF /* Build configuration list for PBXProject "MEXcodeExtension" */;
			compatibilityVersion = "Xcode 9.3";
			developmentRegion = en;
			hasScannedForEncodings = 0;
			knownRegions = (
				en,
				Base,
			);
			mainGroup = 580C32B02446BE2500A570BF;
			productRefGroup = 580C32BA2446BE2500A570BF /* Products */;
			projectDirPath = "";
			projectRoot = "";
			targets = (
				580C32B82446BE2500A570BF /* MEXcodeExtension */,
				586EAED82446C9B800655F5C /* MEOCExtension */,
				583AFC812446F3B10046FB4E /* MESwiftExtension */,
			);
		};
/* End PBXProject section */

/* Begin PBXResourcesBuildPhase section */
		580C32B72446BE2500A570BF /* Resources */ = {
			isa = PBXResourcesBuildPhase;
			buildActionMask = 2147483647;
			files = (
				580C32BF2446BE2700A570BF /* Assets.xcassets in Resources */,
				580C32C22446BE2700A570BF /* MainMenu.xib in Resources */,
			);
			runOnlyForDeploymentPostprocessing = 0;
		};
		583AFC802446F3B10046FB4E /* Resources */ = {
			isa = PBXResourcesBuildPhase;
			buildActionMask = 2147483647;
			files = (
			);
			runOnlyForDeploymentPostprocessing = 0;
		};
		586EAED72446C9B800655F5C /* Resources */ = {
			isa = PBXResourcesBuildPhase;
			buildActionMask = 2147483647;
			files = (
			);
			runOnlyForDeploymentPostprocessing = 0;
		};
/* End PBXResourcesBuildPhase section */

/* Begin PBXSourcesBuildPhase section */
		580C32B52446BE2500A570BF /* Sources */ = {
			isa = PBXSourcesBuildPhase;
			buildActionMask = 2147483647;
			files = (
				580C32BD2446BE2500A570BF /* AppDelegate.swift in Sources */,
			);
			runOnlyForDeploymentPostprocessing = 0;
		};
		583AFC7E2446F3B10046FB4E /* Sources */ = {
			isa = PBXSourcesBuildPhase;
			buildActionMask = 2147483647;
			files = (
				583AFC912446F3C10046FB4E /* String+.swift in Sources */,
				583AFC862446F3B10046FB4E /* SourceEditorExtension.swift in Sources */,
				583AFC882446F3B10046FB4E /* SourceEditorCommand.swift in Sources */,
			);
			runOnlyForDeploymentPostprocessing = 0;
		};
		586EAED52446C9B800655F5C /* Sources */ = {
			isa = PBXSourcesBuildPhase;
			buildActionMask = 2147483647;
			files = (
				586EAEDE2446C9B800655F5C /* SourceEditorExtension.m in Sources */,
				586EAEE12446C9B800655F5C /* SourceEditorCommand.m in Sources */,
			);
			runOnlyForDeploymentPostprocessing = 0;
		};
/* End PBXSourcesBuildPhase section */

/* Begin PBXTargetDependency section */
		583AFC8C2446F3B10046FB4E /* PBXTargetDependency */ = {
			isa = PBXTargetDependency;
			target = 583AFC812446F3B10046FB4E /* MESwiftExtension */;
			targetProxy = 583AFC8B2446F3B10046FB4E /* PBXContainerItemProxy */;
		};
		586EAEE52446C9B800655F5C /* PBXTargetDependency */ = {
			isa = PBXTargetDependency;
			target = 586EAED82446C9B800655F5C /* MEOCExtension */;
			targetProxy = 586EAEE42446C9B800655F5C /* PBXContainerItemProxy */;
		};
/* End PBXTargetDependency section */

/* Begin PBXVariantGroup section */
		580C32C02446BE2700A570BF /* MainMenu.xib */ = {
			isa = PBXVariantGroup;
			children = (
				580C32C12446BE2700A570BF /* Base */,
			);
			name = MainMenu.xib;
			sourceTree = "<group>";
		};
/* End PBXVariantGroup section */

/* Begin XCBuildConfiguration section */
		580C32C52446BE2700A570BF /* Debug */ = {
			isa = XCBuildConfiguration;
			buildSettings = {
				ALWAYS_SEARCH_USER_PATHS = NO;
				CLANG_ANALYZER_NONNULL = YES;
				CLANG_ANALYZER_NUMBER_OBJECT_CONVERSION = YES_AGGRESSIVE;
				CLANG_CXX_LANGUAGE_STANDARD = "gnu++14";
				CLANG_CXX_LIBRARY = "libc++";
				CLANG_ENABLE_MODULES = YES;
				CLANG_ENABLE_OBJC_ARC = YES;
				CLANG_ENABLE_OBJC_WEAK = YES;
				CLANG_WARN_BLOCK_CAPTURE_AUTORELEASING = YES;
				CLANG_WARN_BOOL_CONVERSION = YES;
				CLANG_WARN_COMMA = YES;
				CLANG_WARN_CONSTANT_CONVERSION = YES;
				CLANG_WARN_DEPRECATED_OBJC_IMPLEMENTATIONS = YES;
				CLANG_WARN_DIRECT_OBJC_ISA_USAGE = YES_ERROR;
				CLANG_WARN_DOCUMENTATION_COMMENTS = YES;
				CLANG_WARN_EMPTY_BODY = YES;
				CLANG_WARN_ENUM_CONVERSION = YES;
				CLANG_WARN_INFINITE_RECURSION = YES;
				CLANG_WARN_INT_CONVERSION = YES;
				CLANG_WARN_NON_LITERAL_NULL_CONVERSION = YES;
				CLANG_WARN_OBJC_IMPLICIT_RETAIN_SELF = YES;
				CLANG_WARN_OBJC_LITERAL_CONVERSION = YES;
				CLANG_WARN_OBJC_ROOT_CLASS = YES_ERROR;
				CLANG_WARN_RANGE_LOOP_ANALYSIS = YES;
				CLANG_WARN_STRICT_PROTOTYPES = YES;
				CLANG_WARN_SUSPICIOUS_MOVE = YES;
				CLANG_WARN_UNGUARDED_AVAILABILITY = YES_AGGRESSIVE;
				CLANG_WARN_UNREACHABLE_CODE = YES;
				CLANG_WARN__DUPLICATE_METHOD_MATCH = YES;
				COPY_PHASE_STRIP = NO;
				DEBUG_INFORMATION_FORMAT = dwarf;
				ENABLE_STRICT_OBJC_MSGSEND = YES;
				ENABLE_TESTABILITY = YES;
				GCC_C_LANGUAGE_STANDARD = gnu11;
				GCC_DYNAMIC_NO_PIC = NO;
				GCC_NO_COMMON_BLOCKS = YES;
				GCC_OPTIMIZATION_LEVEL = 0;
				GCC_PREPROCESSOR_DEFINITIONS = (
					"DEBUG=1",
					"$(inherited)",
				);
				GCC_WARN_64_TO_32_BIT_CONVERSION = YES;
				GCC_WARN_ABOUT_RETURN_TYPE = YES_ERROR;
				GCC_WARN_UNDECLARED_SELECTOR = YES;
				GCC_WARN_UNINITIALIZED_AUTOS = YES_AGGRESSIVE;
				GCC_WARN_UNUSED_FUNCTION = YES;
				GCC_WARN_UNUSED_VARIABLE = YES;
				MACOSX_DEPLOYMENT_TARGET = 10.15;
				MTL_ENABLE_DEBUG_INFO = INCLUDE_SOURCE;
				MTL_FAST_MATH = YES;
				ONLY_ACTIVE_ARCH = YES;
				SDKROOT = macosx;
				SWIFT_ACTIVE_COMPILATION_CONDITIONS = DEBUG;
				SWIFT_OPTIMIZATION_LEVEL = "-Onone";
			};
			name = Debug;
		};
		580C32C62446BE2700A570BF /* Release */ = {
			isa = XCBuildConfiguration;
			buildSettings = {
				ALWAYS_SEARCH_USER_PATHS = NO;
				CLANG_ANALYZER_NONNULL = YES;
				CLANG_ANALYZER_NUMBER_OBJECT_CONVERSION = YES_AGGRESSIVE;
				CLANG_CXX_LANGUAGE_STANDARD = "gnu++14";
				CLANG_CXX_LIBRARY = "libc++";
				CLANG_ENABLE_MODULES = YES;
				CLANG_ENABLE_OBJC_ARC = YES;
				CLANG_ENABLE_OBJC_WEAK = YES;
				CLANG_WARN_BLOCK_CAPTURE_AUTORELEASING = YES;
				CLANG_WARN_BOOL_CONVERSION = YES;
				CLANG_WARN_COMMA = YES;
				CLANG_WARN_CONSTANT_CONVERSION = YES;
				CLANG_WARN_DEPRECATED_OBJC_IMPLEMENTATIONS = YES;
				CLANG_WARN_DIRECT_OBJC_ISA_USAGE = YES_ERROR;
				CLANG_WARN_DOCUMENTATION_COMMENTS = YES;
				CLANG_WARN_EMPTY_BODY = YES;
				CLANG_WARN_ENUM_CONVERSION = YES;
				CLANG_WARN_INFINITE_RECURSION = YES;
				CLANG_WARN_INT_CONVERSION = YES;
				CLANG_WARN_NON_LITERAL_NULL_CONVERSION = YES;
				CLANG_WARN_OBJC_IMPLICIT_RETAIN_SELF = YES;
				CLANG_WARN_OBJC_LITERAL_CONVERSION = YES;
				CLANG_WARN_OBJC_ROOT_CLASS = YES_ERROR;
				CLANG_WARN_RANGE_LOOP_ANALYSIS = YES;
				CLANG_WARN_STRICT_PROTOTYPES = YES;
				CLANG_WARN_SUSPICIOUS_MOVE = YES;
				CLANG_WARN_UNGUARDED_AVAILABILITY = YES_AGGRESSIVE;
				CLANG_WARN_UNREACHABLE_CODE = YES;
				CLANG_WARN__DUPLICATE_METHOD_MATCH = YES;
				COPY_PHASE_STRIP = NO;
				DEBUG_INFORMATION_FORMAT = "dwarf-with-dsym";
				ENABLE_NS_ASSERTIONS = NO;
				ENABLE_STRICT_OBJC_MSGSEND = YES;
				GCC_C_LANGUAGE_STANDARD = gnu11;
				GCC_NO_COMMON_BLOCKS = YES;
				GCC_WARN_64_TO_32_BIT_CONVERSION = YES;
				GCC_WARN_ABOUT_RETURN_TYPE = YES_ERROR;
				GCC_WARN_UNDECLARED_SELECTOR = YES;
				GCC_WARN_UNINITIALIZED_AUTOS = YES_AGGRESSIVE;
				GCC_WARN_UNUSED_FUNCTION = YES;
				GCC_WARN_UNUSED_VARIABLE = YES;
				MACOSX_DEPLOYMENT_TARGET = 10.15;
				MTL_ENABLE_DEBUG_INFO = NO;
				MTL_FAST_MATH = YES;
				SDKROOT = macosx;
				SWIFT_COMPILATION_MODE = wholemodule;
				SWIFT_OPTIMIZATION_LEVEL = "-O";
			};
			name = Release;
		};
		580C32C82446BE2700A570BF /* Debug */ = {
			isa = XCBuildConfiguration;
			buildSettings = {
				ALWAYS_EMBED_SWIFT_STANDARD_LIBRARIES = YES;
				ASSETCATALOG_COMPILER_APPICON_NAME = AppIcon;
				CODE_SIGN_ENTITLEMENTS = MEXcodeExtension/MEXcodeExtension.entitlements;
				CODE_SIGN_STYLE = Automatic;
				COMBINE_HIDPI_IMAGES = YES;
				DEVELOPMENT_TEAM = 9RP82T9UKG;
				ENABLE_HARDENED_RUNTIME = YES;
				INFOPLIST_FILE = MEXcodeExtension/Info.plist;
				LD_RUNPATH_SEARCH_PATHS = (
					"$(inherited)",
					"@executable_path/../Frameworks",
				);
				PRODUCT_BUNDLE_IDENTIFIER = com.MEXcodeExtension;
				PRODUCT_NAME = "$(TARGET_NAME)";
				SWIFT_VERSION = 5.0;
			};
			name = Debug;
		};
		580C32C92446BE2700A570BF /* Release */ = {
			isa = XCBuildConfiguration;
			buildSettings = {
				ALWAYS_EMBED_SWIFT_STANDARD_LIBRARIES = YES;
				ASSETCATALOG_COMPILER_APPICON_NAME = AppIcon;
				CODE_SIGN_ENTITLEMENTS = MEXcodeExtension/MEXcodeExtension.entitlements;
				CODE_SIGN_STYLE = Automatic;
				COMBINE_HIDPI_IMAGES = YES;
				DEVELOPMENT_TEAM = 9RP82T9UKG;
				ENABLE_HARDENED_RUNTIME = YES;
				INFOPLIST_FILE = MEXcodeExtension/Info.plist;
				LD_RUNPATH_SEARCH_PATHS = (
					"$(inherited)",
					"@executable_path/../Frameworks",
				);
				PRODUCT_BUNDLE_IDENTIFIER = com.MEXcodeExtension;
				PRODUCT_NAME = "$(TARGET_NAME)";
				SWIFT_VERSION = 5.0;
			};
			name = Release;
		};
		583AFC8F2446F3B10046FB4E /* Debug */ = {
			isa = XCBuildConfiguration;
			buildSettings = {
				CODE_SIGN_ENTITLEMENTS = MESwiftExtension/MESwiftExtension.entitlements;
				CODE_SIGN_STYLE = Automatic;
				COMBINE_HIDPI_IMAGES = YES;
				DEVELOPMENT_TEAM = 9RP82T9UKG;
				ENABLE_HARDENED_RUNTIME = YES;
				INFOPLIST_FILE = MESwiftExtension/Info.plist;
				LD_RUNPATH_SEARCH_PATHS = (
					"$(inherited)",
					"@executable_path/../Frameworks",
					"@executable_path/../../../../Frameworks",
				);
				PRODUCT_BUNDLE_IDENTIFIER = com.MEXcodeExtension.MESwiftExtension;
				PRODUCT_NAME = "$(TARGET_NAME)";
				SKIP_INSTALL = YES;
				SWIFT_VERSION = 5.0;
			};
			name = Debug;
		};
		583AFC902446F3B10046FB4E /* Release */ = {
			isa = XCBuildConfiguration;
			buildSettings = {
				CODE_SIGN_ENTITLEMENTS = MESwiftExtension/MESwiftExtension.entitlements;
				CODE_SIGN_STYLE = Automatic;
				COMBINE_HIDPI_IMAGES = YES;
				DEVELOPMENT_TEAM = 9RP82T9UKG;
				ENABLE_HARDENED_RUNTIME = YES;
				INFOPLIST_FILE = MESwiftExtension/Info.plist;
				LD_RUNPATH_SEARCH_PATHS = (
					"$(inherited)",
					"@executable_path/../Frameworks",
					"@executable_path/../../../../Frameworks",
				);
				PRODUCT_BUNDLE_IDENTIFIER = com.MEXcodeExtension.MESwiftExtension;
				PRODUCT_NAME = "$(TARGET_NAME)";
				SKIP_INSTALL = YES;
				SWIFT_VERSION = 5.0;
			};
			name = Release;
		};
		586EAEE72446C9B800655F5C /* Debug */ = {
			isa = XCBuildConfiguration;
			buildSettings = {
				CODE_SIGN_ENTITLEMENTS = MEOCExtension/MEOCExtension.entitlements;
				CODE_SIGN_STYLE = Automatic;
				COMBINE_HIDPI_IMAGES = YES;
				DEVELOPMENT_TEAM = 9RP82T9UKG;
				ENABLE_HARDENED_RUNTIME = YES;
				INFOPLIST_FILE = MEOCExtension/Info.plist;
				LD_RUNPATH_SEARCH_PATHS = (
					"$(inherited)",
					"@executable_path/../Frameworks",
					"@executable_path/../../../../Frameworks",
				);
				PRODUCT_BUNDLE_IDENTIFIER = com.MEXcodeExtension.MEOCExtension;
				PRODUCT_NAME = "$(TARGET_NAME)";
				SKIP_INSTALL = YES;
				SWIFT_VERSION = 5.0;
			};
			name = Debug;
		};
		586EAEE82446C9B800655F5C /* Release */ = {
			isa = XCBuildConfiguration;
			buildSettings = {
				CODE_SIGN_ENTITLEMENTS = MEOCExtension/MEOCExtension.entitlements;
				CODE_SIGN_STYLE = Automatic;
				COMBINE_HIDPI_IMAGES = YES;
				DEVELOPMENT_TEAM = 9RP82T9UKG;
				ENABLE_HARDENED_RUNTIME = YES;
				INFOPLIST_FILE = MEOCExtension/Info.plist;
				LD_RUNPATH_SEARCH_PATHS = (
					"$(inherited)",
					"@executable_path/../Frameworks",
					"@executable_path/../../../../Frameworks",
				);
				PRODUCT_BUNDLE_IDENTIFIER = com.MEXcodeExtension.MEOCExtension;
				PRODUCT_NAME = "$(TARGET_NAME)";
				SKIP_INSTALL = YES;
				SWIFT_VERSION = 5.0;
			};
			name = Release;
		};
/* End XCBuildConfiguration section */

/* Begin XCConfigurationList section */
		580C32B42446BE2500A570BF /* Build configuration list for PBXProject "MEXcodeExtension" */ = {
			isa = XCConfigurationList;
			buildConfigurations = (
				580C32C52446BE2700A570BF /* Debug */,
				580C32C62446BE2700A570BF /* Release */,
			);
			defaultConfigurationIsVisible = 0;
			defaultConfigurationName = Release;
		};
		580C32C72446BE2700A570BF /* Build configuration list for PBXNativeTarget "MEXcodeExtension" */ = {
			isa = XCConfigurationList;
			buildConfigurations = (
				580C32C82446BE2700A570BF /* Debug */,
				580C32C92446BE2700A570BF /* Release */,
			);
			defaultConfigurationIsVisible = 0;
			defaultConfigurationName = Release;
		};
		583AFC8E2446F3B10046FB4E /* Build configuration list for PBXNativeTarget "MESwiftExtension" */ = {
			isa = XCConfigurationList;
			buildConfigurations = (
				583AFC8F2446F3B10046FB4E /* Debug */,
				583AFC902446F3B10046FB4E /* Release */,
			);
			defaultConfigurationIsVisible = 0;
			defaultConfigurationName = Release;
		};
		586EAEE92446C9B800655F5C /* Build configuration list for PBXNativeTarget "MEOCExtension" */ = {
			isa = XCConfigurationList;
			buildConfigurations = (
				586EAEE72446C9B800655F5C /* Debug */,
				586EAEE82446C9B800655F5C /* Release */,
			);
			defaultConfigurationIsVisible = 0;
			defaultConfigurationName = Release;
		};
/* End XCConfigurationList section */
	};
	rootObject = 580C32B12446BE2500A570BF /* Project object */;
}
